// !$*UTF8*$!
{
	archiveVersion = 1;
	classes = {
	};
	objectVersion = 56;
	objects = {

/* Begin PBXBuildFile section */
		800DE5082A44C5C6006567E5 /* Product.swift in Sources */ = {isa = PBXBuildFile; fileRef = 800DE5072A44C5C6006567E5 /* Product.swift */; };
		800DE50B2A44CBA3006567E5 /* HomeContracts.swift in Sources */ = {isa = PBXBuildFile; fileRef = 800DE50A2A44CBA3006567E5 /* HomeContracts.swift */; };
		800DE50D2A458DD0006567E5 /* TitleLabel.swift in Sources */ = {isa = PBXBuildFile; fileRef = 800DE50C2A458DD0006567E5 /* TitleLabel.swift */; };
		800DE5102A48AB9E006567E5 /* UIColor+Ext.swift in Sources */ = {isa = PBXBuildFile; fileRef = 800DE50F2A48AB9E006567E5 /* UIColor+Ext.swift */; };
		80152BA72A48B19000330AB8 /* Kingfisher in Frameworks */ = {isa = PBXBuildFile; productRef = 80152BA62A48B19000330AB8 /* Kingfisher */; };
		80152BB32A49C3C800330AB8 /* ProductDetailVC.swift in Sources */ = {isa = PBXBuildFile; fileRef = 80152BB22A49C3C800330AB8 /* ProductDetailVC.swift */; };
		80152BB62A49C3D400330AB8 /* ProductDetailInteractor.swift in Sources */ = {isa = PBXBuildFile; fileRef = 80152BB52A49C3D400330AB8 /* ProductDetailInteractor.swift */; };
		80152BB82A49C3DB00330AB8 /* ProductDetailPresenter.swift in Sources */ = {isa = PBXBuildFile; fileRef = 80152BB72A49C3DB00330AB8 /* ProductDetailPresenter.swift */; };
		80152BBA2A49C3E200330AB8 /* ProductDetailRouter.swift in Sources */ = {isa = PBXBuildFile; fileRef = 80152BB92A49C3E200330AB8 /* ProductDetailRouter.swift */; };
		80152BBC2A49C3E900330AB8 /* ProductDetailBuilder.swift in Sources */ = {isa = PBXBuildFile; fileRef = 80152BBB2A49C3E900330AB8 /* ProductDetailBuilder.swift */; };
		80152BBE2A49C3EF00330AB8 /* ProductDetailContracts.swift in Sources */ = {isa = PBXBuildFile; fileRef = 80152BBD2A49C3EF00330AB8 /* ProductDetailContracts.swift */; };
		80152BC12A49D29400330AB8 /* ProductImageCell.swift in Sources */ = {isa = PBXBuildFile; fileRef = 80152BC02A49D29400330AB8 /* ProductImageCell.swift */; };
		80152BC32A49D2FB00330AB8 /* ProductDetailContainer.swift in Sources */ = {isa = PBXBuildFile; fileRef = 80152BC22A49D2FB00330AB8 /* ProductDetailContainer.swift */; };
		80152BC52A49E27800330AB8 /* String+Extension.swift in Sources */ = {isa = PBXBuildFile; fileRef = 80152BC42A49E27800330AB8 /* String+Extension.swift */; };
		80152BC72A4A4CDA00330AB8 /* DetailButtonsStackView.swift in Sources */ = {isa = PBXBuildFile; fileRef = 80152BC62A4A4CDA00330AB8 /* DetailButtonsStackView.swift */; };
		80152BC92A4A536400330AB8 /* DividerView.swift in Sources */ = {isa = PBXBuildFile; fileRef = 80152BC82A4A536400330AB8 /* DividerView.swift */; };
		80152BCD2A4A60B000330AB8 /* UIImageView+Extension.swift in Sources */ = {isa = PBXBuildFile; fileRef = 80152BCC2A4A60B000330AB8 /* UIImageView+Extension.swift */; };
		80BA2EB92A4B6B8A00BC55CB /* DiscoverBuilder.swift in Sources */ = {isa = PBXBuildFile; fileRef = 80BA2EB82A4B6B8A00BC55CB /* DiscoverBuilder.swift */; };
		80BA2EBB2A4B6BDD00BC55CB /* DiscoverContracts.swift in Sources */ = {isa = PBXBuildFile; fileRef = 80BA2EBA2A4B6BDD00BC55CB /* DiscoverContracts.swift */; };
		80BA2EBD2A4B6C1E00BC55CB /* DiscoverPresenter.swift in Sources */ = {isa = PBXBuildFile; fileRef = 80BA2EBC2A4B6C1E00BC55CB /* DiscoverPresenter.swift */; };
		80BA2EBF2A4B6C2E00BC55CB /* DiscoverInteractor.swift in Sources */ = {isa = PBXBuildFile; fileRef = 80BA2EBE2A4B6C2E00BC55CB /* DiscoverInteractor.swift */; };
		80BA2EC12A4B6C4500BC55CB /* DiscoverVC.swift in Sources */ = {isa = PBXBuildFile; fileRef = 80BA2EC02A4B6C4500BC55CB /* DiscoverVC.swift */; };
		80BA2EC32A4B6C8100BC55CB /* DiscoverRouter.swift in Sources */ = {isa = PBXBuildFile; fileRef = 80BA2EC22A4B6C8100BC55CB /* DiscoverRouter.swift */; };
		80E6AC772A449A3600EC17D9 /* AppDelegate.swift in Sources */ = {isa = PBXBuildFile; fileRef = 80E6AC762A449A3600EC17D9 /* AppDelegate.swift */; };
		80E6AC792A449A3600EC17D9 /* SceneDelegate.swift in Sources */ = {isa = PBXBuildFile; fileRef = 80E6AC782A449A3600EC17D9 /* SceneDelegate.swift */; };
		80E6AC802A449A3700EC17D9 /* Assets.xcassets in Resources */ = {isa = PBXBuildFile; fileRef = 80E6AC7F2A449A3700EC17D9 /* Assets.xcassets */; };
		80E6AC832A449A3700EC17D9 /* LaunchScreen.storyboard in Resources */ = {isa = PBXBuildFile; fileRef = 80E6AC812A449A3700EC17D9 /* LaunchScreen.storyboard */; };
		80E6AC942A449B5000EC17D9 /* HomeVC.swift in Sources */ = {isa = PBXBuildFile; fileRef = 80E6AC932A449B5000EC17D9 /* HomeVC.swift */; };
		80E6AC962A449B5500EC17D9 /* HomeInteractor.swift in Sources */ = {isa = PBXBuildFile; fileRef = 80E6AC952A449B5500EC17D9 /* HomeInteractor.swift */; };
		80E6AC982A449B5C00EC17D9 /* HomePresenter.swift in Sources */ = {isa = PBXBuildFile; fileRef = 80E6AC972A449B5C00EC17D9 /* HomePresenter.swift */; };
		80E6AC9A2A449B6000EC17D9 /* HomeRouter.swift in Sources */ = {isa = PBXBuildFile; fileRef = 80E6AC992A449B6000EC17D9 /* HomeRouter.swift */; };
		80E6AC9C2A449B6600EC17D9 /* HomeBuilder.swift in Sources */ = {isa = PBXBuildFile; fileRef = 80E6AC9B2A449B6600EC17D9 /* HomeBuilder.swift */; };
		80E6ACA62A449F4700EC17D9 /* BasketBuilder.swift in Sources */ = {isa = PBXBuildFile; fileRef = 80E6ACA52A449F4700EC17D9 /* BasketBuilder.swift */; };
		80E6ACA82A449F4D00EC17D9 /* BasketVC.swift in Sources */ = {isa = PBXBuildFile; fileRef = 80E6ACA72A449F4D00EC17D9 /* BasketVC.swift */; };
		80E6ACAB2A449FF300EC17D9 /* SnapKit in Frameworks */ = {isa = PBXBuildFile; productRef = 80E6ACAA2A449FF300EC17D9 /* SnapKit */; };
		80E6ACAF2A44ADD400EC17D9 /* CategoryCell.swift in Sources */ = {isa = PBXBuildFile; fileRef = 80E6ACAE2A44ADD400EC17D9 /* CategoryCell.swift */; };
		80E6ACB12A44ADEB00EC17D9 /* ProductCell.swift in Sources */ = {isa = PBXBuildFile; fileRef = 80E6ACB02A44ADEB00EC17D9 /* ProductCell.swift */; };
		80E6ACB62A44B0F800EC17D9 /* NetworkManager.swift in Sources */ = {isa = PBXBuildFile; fileRef = 80E6ACB52A44B0F800EC17D9 /* NetworkManager.swift */; };
		80E6ACB92A44B11500EC17D9 /* Alamofire in Frameworks */ = {isa = PBXBuildFile; productRef = 80E6ACB82A44B11500EC17D9 /* Alamofire */; };
		80E6ACBB2A44B13E00EC17D9 /* NetworkHelper.swift in Sources */ = {isa = PBXBuildFile; fileRef = 80E6ACBA2A44B13E00EC17D9 /* NetworkHelper.swift */; };
		80E6ACBD2A44B16F00EC17D9 /* EndPoint.swift in Sources */ = {isa = PBXBuildFile; fileRef = 80E6ACBC2A44B16F00EC17D9 /* EndPoint.swift */; };
		80F3E0802A4C3562002730F0 /* UIViewController+Extension.swift in Sources */ = {isa = PBXBuildFile; fileRef = 80F3E07F2A4C3562002730F0 /* UIViewController+Extension.swift */; };
		80F3E0822A4CA6F9002730F0 /* UITabBarController+Extension.swift in Sources */ = {isa = PBXBuildFile; fileRef = 80F3E0812A4CA6F9002730F0 /* UITabBarController+Extension.swift */; };
		80F3E0882A4CAE88002730F0 /* SeeAllFooterView.swift in Sources */ = {isa = PBXBuildFile; fileRef = 80F3E0872A4CAE88002730F0 /* SeeAllFooterView.swift */; };
		80F3E08E2A507F9E002730F0 /* BasketInteractor.swift in Sources */ = {isa = PBXBuildFile; fileRef = 80F3E08D2A507F9E002730F0 /* BasketInteractor.swift */; };
		80F3E0902A507FA4002730F0 /* BasketPresenter.swift in Sources */ = {isa = PBXBuildFile; fileRef = 80F3E08F2A507FA4002730F0 /* BasketPresenter.swift */; };
		80F3E0922A507FBB002730F0 /* BasketRouter.swift in Sources */ = {isa = PBXBuildFile; fileRef = 80F3E0912A507FBB002730F0 /* BasketRouter.swift */; };
		80F3E0952A507FCC002730F0 /* BasketContracts.swift in Sources */ = {isa = PBXBuildFile; fileRef = 80F3E0942A507FCC002730F0 /* BasketContracts.swift */; };
		80F3E0982A508931002730F0 /* BasketCell.swift in Sources */ = {isa = PBXBuildFile; fileRef = 80F3E0972A508931002730F0 /* BasketCell.swift */; };
		80F3E09B2A518971002730F0 /* TotalCostStackView.swift in Sources */ = {isa = PBXBuildFile; fileRef = 80F3E09A2A518971002730F0 /* TotalCostStackView.swift */; };
		80F3E0CE2A56F8B4002730F0 /* BasketView.swift in Sources */ = {isa = PBXBuildFile; fileRef = 80F3E0CD2A56F8B4002730F0 /* BasketView.swift */; };
		80F3E0D02A56F9EC002730F0 /* BaseViewController.swift in Sources */ = {isa = PBXBuildFile; fileRef = 80F3E0CF2A56F9EC002730F0 /* BaseViewController.swift */; };
		80F3E0D22A56FB6D002730F0 /* HomeView.swift in Sources */ = {isa = PBXBuildFile; fileRef = 80F3E0D12A56FB6D002730F0 /* HomeView.swift */; };
		80F3E0D42A56FDD4002730F0 /* ProductDetailView.swift in Sources */ = {isa = PBXBuildFile; fileRef = 80F3E0D32A56FDD4002730F0 /* ProductDetailView.swift */; };
		80F3E0D62A570019002730F0 /* DiscoverView.swift in Sources */ = {isa = PBXBuildFile; fileRef = 80F3E0D52A570019002730F0 /* DiscoverView.swift */; };
		80F3E0DD2A570541002730F0 /* Constants.swift in Sources */ = {isa = PBXBuildFile; fileRef = 80F3E0DC2A570541002730F0 /* Constants.swift */; };
		80F3E0E12A58536E002730F0 /* DoneAlert.swift in Sources */ = {isa = PBXBuildFile; fileRef = 80F3E0E02A58536E002730F0 /* DoneAlert.swift */; };
/* End PBXBuildFile section */

/* Begin PBXFileReference section */
		800DE5072A44C5C6006567E5 /* Product.swift */ = {isa = PBXFileReference; lastKnownFileType = sourcecode.swift; path = Product.swift; sourceTree = "<group>"; };
		800DE50A2A44CBA3006567E5 /* HomeContracts.swift */ = {isa = PBXFileReference; lastKnownFileType = sourcecode.swift; path = HomeContracts.swift; sourceTree = "<group>"; };
		800DE50C2A458DD0006567E5 /* TitleLabel.swift */ = {isa = PBXFileReference; lastKnownFileType = sourcecode.swift; path = TitleLabel.swift; sourceTree = "<group>"; };
		800DE50F2A48AB9E006567E5 /* UIColor+Ext.swift */ = {isa = PBXFileReference; lastKnownFileType = sourcecode.swift; path = "UIColor+Ext.swift"; sourceTree = "<group>"; };
		80152BB22A49C3C800330AB8 /* ProductDetailVC.swift */ = {isa = PBXFileReference; lastKnownFileType = sourcecode.swift; path = ProductDetailVC.swift; sourceTree = "<group>"; };
		80152BB52A49C3D400330AB8 /* ProductDetailInteractor.swift */ = {isa = PBXFileReference; lastKnownFileType = sourcecode.swift; path = ProductDetailInteractor.swift; sourceTree = "<group>"; };
		80152BB72A49C3DB00330AB8 /* ProductDetailPresenter.swift */ = {isa = PBXFileReference; lastKnownFileType = sourcecode.swift; path = ProductDetailPresenter.swift; sourceTree = "<group>"; };
		80152BB92A49C3E200330AB8 /* ProductDetailRouter.swift */ = {isa = PBXFileReference; lastKnownFileType = sourcecode.swift; path = ProductDetailRouter.swift; sourceTree = "<group>"; };
		80152BBB2A49C3E900330AB8 /* ProductDetailBuilder.swift */ = {isa = PBXFileReference; lastKnownFileType = sourcecode.swift; path = ProductDetailBuilder.swift; sourceTree = "<group>"; };
		80152BBD2A49C3EF00330AB8 /* ProductDetailContracts.swift */ = {isa = PBXFileReference; lastKnownFileType = sourcecode.swift; path = ProductDetailContracts.swift; sourceTree = "<group>"; };
		80152BC02A49D29400330AB8 /* ProductImageCell.swift */ = {isa = PBXFileReference; lastKnownFileType = sourcecode.swift; path = ProductImageCell.swift; sourceTree = "<group>"; };
		80152BC22A49D2FB00330AB8 /* ProductDetailContainer.swift */ = {isa = PBXFileReference; lastKnownFileType = sourcecode.swift; path = ProductDetailContainer.swift; sourceTree = "<group>"; };
		80152BC42A49E27800330AB8 /* String+Extension.swift */ = {isa = PBXFileReference; lastKnownFileType = sourcecode.swift; path = "String+Extension.swift"; sourceTree = "<group>"; };
		80152BC62A4A4CDA00330AB8 /* DetailButtonsStackView.swift */ = {isa = PBXFileReference; lastKnownFileType = sourcecode.swift; path = DetailButtonsStackView.swift; sourceTree = "<group>"; };
		80152BC82A4A536400330AB8 /* DividerView.swift */ = {isa = PBXFileReference; lastKnownFileType = sourcecode.swift; path = DividerView.swift; sourceTree = "<group>"; };
		80152BCC2A4A60B000330AB8 /* UIImageView+Extension.swift */ = {isa = PBXFileReference; lastKnownFileType = sourcecode.swift; path = "UIImageView+Extension.swift"; sourceTree = "<group>"; };
		80BA2EB82A4B6B8A00BC55CB /* DiscoverBuilder.swift */ = {isa = PBXFileReference; lastKnownFileType = sourcecode.swift; path = DiscoverBuilder.swift; sourceTree = "<group>"; };
		80BA2EBA2A4B6BDD00BC55CB /* DiscoverContracts.swift */ = {isa = PBXFileReference; lastKnownFileType = sourcecode.swift; path = DiscoverContracts.swift; sourceTree = "<group>"; };
		80BA2EBC2A4B6C1E00BC55CB /* DiscoverPresenter.swift */ = {isa = PBXFileReference; lastKnownFileType = sourcecode.swift; path = DiscoverPresenter.swift; sourceTree = "<group>"; };
		80BA2EBE2A4B6C2E00BC55CB /* DiscoverInteractor.swift */ = {isa = PBXFileReference; lastKnownFileType = sourcecode.swift; path = DiscoverInteractor.swift; sourceTree = "<group>"; };
		80BA2EC02A4B6C4500BC55CB /* DiscoverVC.swift */ = {isa = PBXFileReference; lastKnownFileType = sourcecode.swift; path = DiscoverVC.swift; sourceTree = "<group>"; };
		80BA2EC22A4B6C8100BC55CB /* DiscoverRouter.swift */ = {isa = PBXFileReference; lastKnownFileType = sourcecode.swift; path = DiscoverRouter.swift; sourceTree = "<group>"; };
		80E6AC732A449A3600EC17D9 /* DeliveryExpress(E-Commerce).app */ = {isa = PBXFileReference; explicitFileType = wrapper.application; includeInIndex = 0; path = "DeliveryExpress(E-Commerce).app"; sourceTree = BUILT_PRODUCTS_DIR; };
		80E6AC762A449A3600EC17D9 /* AppDelegate.swift */ = {isa = PBXFileReference; lastKnownFileType = sourcecode.swift; path = AppDelegate.swift; sourceTree = "<group>"; };
		80E6AC782A449A3600EC17D9 /* SceneDelegate.swift */ = {isa = PBXFileReference; lastKnownFileType = sourcecode.swift; path = SceneDelegate.swift; sourceTree = "<group>"; };
		80E6AC7F2A449A3700EC17D9 /* Assets.xcassets */ = {isa = PBXFileReference; lastKnownFileType = folder.assetcatalog; path = Assets.xcassets; sourceTree = "<group>"; };
		80E6AC822A449A3700EC17D9 /* Base */ = {isa = PBXFileReference; lastKnownFileType = file.storyboard; name = Base; path = Base.lproj/LaunchScreen.storyboard; sourceTree = "<group>"; };
		80E6AC842A449A3700EC17D9 /* Info.plist */ = {isa = PBXFileReference; lastKnownFileType = text.plist.xml; path = Info.plist; sourceTree = "<group>"; };
		80E6AC932A449B5000EC17D9 /* HomeVC.swift */ = {isa = PBXFileReference; lastKnownFileType = sourcecode.swift; path = HomeVC.swift; sourceTree = "<group>"; };
		80E6AC952A449B5500EC17D9 /* HomeInteractor.swift */ = {isa = PBXFileReference; lastKnownFileType = sourcecode.swift; path = HomeInteractor.swift; sourceTree = "<group>"; };
		80E6AC972A449B5C00EC17D9 /* HomePresenter.swift */ = {isa = PBXFileReference; lastKnownFileType = sourcecode.swift; path = HomePresenter.swift; sourceTree = "<group>"; };
		80E6AC992A449B6000EC17D9 /* HomeRouter.swift */ = {isa = PBXFileReference; lastKnownFileType = sourcecode.swift; path = HomeRouter.swift; sourceTree = "<group>"; };
		80E6AC9B2A449B6600EC17D9 /* HomeBuilder.swift */ = {isa = PBXFileReference; lastKnownFileType = sourcecode.swift; path = HomeBuilder.swift; sourceTree = "<group>"; };
		80E6ACA52A449F4700EC17D9 /* BasketBuilder.swift */ = {isa = PBXFileReference; lastKnownFileType = sourcecode.swift; path = BasketBuilder.swift; sourceTree = "<group>"; };
		80E6ACA72A449F4D00EC17D9 /* BasketVC.swift */ = {isa = PBXFileReference; lastKnownFileType = sourcecode.swift; path = BasketVC.swift; sourceTree = "<group>"; };
		80E6ACAE2A44ADD400EC17D9 /* CategoryCell.swift */ = {isa = PBXFileReference; lastKnownFileType = sourcecode.swift; path = CategoryCell.swift; sourceTree = "<group>"; };
		80E6ACB02A44ADEB00EC17D9 /* ProductCell.swift */ = {isa = PBXFileReference; lastKnownFileType = sourcecode.swift; path = ProductCell.swift; sourceTree = "<group>"; };
		80E6ACB52A44B0F800EC17D9 /* NetworkManager.swift */ = {isa = PBXFileReference; lastKnownFileType = sourcecode.swift; path = NetworkManager.swift; sourceTree = "<group>"; };
		80E6ACBA2A44B13E00EC17D9 /* NetworkHelper.swift */ = {isa = PBXFileReference; lastKnownFileType = sourcecode.swift; path = NetworkHelper.swift; sourceTree = "<group>"; };
		80E6ACBC2A44B16F00EC17D9 /* EndPoint.swift */ = {isa = PBXFileReference; lastKnownFileType = sourcecode.swift; path = EndPoint.swift; sourceTree = "<group>"; };
		80F3E07F2A4C3562002730F0 /* UIViewController+Extension.swift */ = {isa = PBXFileReference; lastKnownFileType = sourcecode.swift; path = "UIViewController+Extension.swift"; sourceTree = "<group>"; };
		80F3E0812A4CA6F9002730F0 /* UITabBarController+Extension.swift */ = {isa = PBXFileReference; lastKnownFileType = sourcecode.swift; path = "UITabBarController+Extension.swift"; sourceTree = "<group>"; };
		80F3E0872A4CAE88002730F0 /* SeeAllFooterView.swift */ = {isa = PBXFileReference; lastKnownFileType = sourcecode.swift; path = SeeAllFooterView.swift; sourceTree = "<group>"; };
		80F3E08D2A507F9E002730F0 /* BasketInteractor.swift */ = {isa = PBXFileReference; lastKnownFileType = sourcecode.swift; path = BasketInteractor.swift; sourceTree = "<group>"; };
		80F3E08F2A507FA4002730F0 /* BasketPresenter.swift */ = {isa = PBXFileReference; lastKnownFileType = sourcecode.swift; path = BasketPresenter.swift; sourceTree = "<group>"; };
		80F3E0912A507FBB002730F0 /* BasketRouter.swift */ = {isa = PBXFileReference; lastKnownFileType = sourcecode.swift; path = BasketRouter.swift; sourceTree = "<group>"; };
		80F3E0942A507FCC002730F0 /* BasketContracts.swift */ = {isa = PBXFileReference; lastKnownFileType = sourcecode.swift; path = BasketContracts.swift; sourceTree = "<group>"; };
		80F3E0972A508931002730F0 /* BasketCell.swift */ = {isa = PBXFileReference; lastKnownFileType = sourcecode.swift; path = BasketCell.swift; sourceTree = "<group>"; };
		80F3E09A2A518971002730F0 /* TotalCostStackView.swift */ = {isa = PBXFileReference; lastKnownFileType = sourcecode.swift; path = TotalCostStackView.swift; sourceTree = "<group>"; };
		80F3E0CD2A56F8B4002730F0 /* BasketView.swift */ = {isa = PBXFileReference; lastKnownFileType = sourcecode.swift; path = BasketView.swift; sourceTree = "<group>"; };
		80F3E0CF2A56F9EC002730F0 /* BaseViewController.swift */ = {isa = PBXFileReference; lastKnownFileType = sourcecode.swift; path = BaseViewController.swift; sourceTree = "<group>"; };
		80F3E0D12A56FB6D002730F0 /* HomeView.swift */ = {isa = PBXFileReference; lastKnownFileType = sourcecode.swift; path = HomeView.swift; sourceTree = "<group>"; };
		80F3E0D32A56FDD4002730F0 /* ProductDetailView.swift */ = {isa = PBXFileReference; lastKnownFileType = sourcecode.swift; path = ProductDetailView.swift; sourceTree = "<group>"; };
		80F3E0D52A570019002730F0 /* DiscoverView.swift */ = {isa = PBXFileReference; lastKnownFileType = sourcecode.swift; path = DiscoverView.swift; sourceTree = "<group>"; };
		80F3E0DC2A570541002730F0 /* Constants.swift */ = {isa = PBXFileReference; lastKnownFileType = sourcecode.swift; path = Constants.swift; sourceTree = "<group>"; };
		80F3E0E02A58536E002730F0 /* DoneAlert.swift */ = {isa = PBXFileReference; lastKnownFileType = sourcecode.swift; path = DoneAlert.swift; sourceTree = "<group>"; };
/* End PBXFileReference section */

/* Begin PBXFrameworksBuildPhase section */
		80E6AC702A449A3600EC17D9 /* Frameworks */ = {
			isa = PBXFrameworksBuildPhase;
			buildActionMask = 2147483647;
			files = (
				80152BA72A48B19000330AB8 /* Kingfisher in Frameworks */,
				80E6ACAB2A449FF300EC17D9 /* SnapKit in Frameworks */,
				80E6ACB92A44B11500EC17D9 /* Alamofire in Frameworks */,
			);
			runOnlyForDeploymentPostprocessing = 0;
		};
/* End PBXFrameworksBuildPhase section */

/* Begin PBXGroup section */
		800DE5062A44C5C0006567E5 /* Entities */ = {
			isa = PBXGroup;
			children = (
				800DE5072A44C5C6006567E5 /* Product.swift */,
			);
			path = Entities;
			sourceTree = "<group>";
		};
		800DE5092A44CB98006567E5 /* Contracts */ = {
			isa = PBXGroup;
			children = (
				800DE50A2A44CBA3006567E5 /* HomeContracts.swift */,
			);
			path = Contracts;
			sourceTree = "<group>";
		};
		800DE50E2A48AB91006567E5 /* Extensions */ = {
			isa = PBXGroup;
			children = (
				800DE50F2A48AB9E006567E5 /* UIColor+Ext.swift */,
				80152BC42A49E27800330AB8 /* String+Extension.swift */,
				80152BCC2A4A60B000330AB8 /* UIImageView+Extension.swift */,
				80F3E07F2A4C3562002730F0 /* UIViewController+Extension.swift */,
				80F3E0812A4CA6F9002730F0 /* UITabBarController+Extension.swift */,
			);
			path = Extensions;
			sourceTree = "<group>";
		};
		80152BAB2A49C2D000330AB8 /* ProductDetailScreen */ = {
			isa = PBXGroup;
			children = (
				80152BB12A49C2F900330AB8 /* Contracts */,
				80152BB02A49C2F300330AB8 /* View */,
				80152BAF2A49C2ED00330AB8 /* Interactor */,
				80152BAE2A49C2EA00330AB8 /* Presenter */,
				80152BAD2A49C2E700330AB8 /* Router */,
				80152BAC2A49C2E100330AB8 /* Builder */,
			);
			path = ProductDetailScreen;
			sourceTree = "<group>";
		};
		80152BAC2A49C2E100330AB8 /* Builder */ = {
			isa = PBXGroup;
			children = (
				80152BBB2A49C3E900330AB8 /* ProductDetailBuilder.swift */,
			);
			path = Builder;
			sourceTree = "<group>";
		};
		80152BAD2A49C2E700330AB8 /* Router */ = {
			isa = PBXGroup;
			children = (
				80152BB92A49C3E200330AB8 /* ProductDetailRouter.swift */,
			);
			path = Router;
			sourceTree = "<group>";
		};
		80152BAE2A49C2EA00330AB8 /* Presenter */ = {
			isa = PBXGroup;
			children = (
				80152BB72A49C3DB00330AB8 /* ProductDetailPresenter.swift */,
			);
			path = Presenter;
			sourceTree = "<group>";
		};
		80152BAF2A49C2ED00330AB8 /* Interactor */ = {
			isa = PBXGroup;
			children = (
				80152BB52A49C3D400330AB8 /* ProductDetailInteractor.swift */,
			);
			path = Interactor;
			sourceTree = "<group>";
		};
		80152BB02A49C2F300330AB8 /* View */ = {
			isa = PBXGroup;
			children = (
				80152BCA2A4A551D00330AB8 /* Cells */,
				80152BBF2A49D28300330AB8 /* Reusable Components */,
				80F3E0D32A56FDD4002730F0 /* ProductDetailView.swift */,
				80152BB22A49C3C800330AB8 /* ProductDetailVC.swift */,
			);
			path = View;
			sourceTree = "<group>";
		};
		80152BB12A49C2F900330AB8 /* Contracts */ = {
			isa = PBXGroup;
			children = (
				80152BBD2A49C3EF00330AB8 /* ProductDetailContracts.swift */,
			);
			path = Contracts;
			sourceTree = "<group>";
		};
		80152BBF2A49D28300330AB8 /* Reusable Components */ = {
			isa = PBXGroup;
			children = (
				80152BC22A49D2FB00330AB8 /* ProductDetailContainer.swift */,
				80152BC62A4A4CDA00330AB8 /* DetailButtonsStackView.swift */,
				80152BC82A4A536400330AB8 /* DividerView.swift */,
				80F3E0E02A58536E002730F0 /* DoneAlert.swift */,
			);
			path = "Reusable Components";
			sourceTree = "<group>";
		};
		80152BCA2A4A551D00330AB8 /* Cells */ = {
			isa = PBXGroup;
			children = (
				80152BC02A49D29400330AB8 /* ProductImageCell.swift */,
			);
			path = Cells;
			sourceTree = "<group>";
		};
		80152BCB2A4A5BE200330AB8 /* Cells */ = {
			isa = PBXGroup;
			children = (
				80E6ACB02A44ADEB00EC17D9 /* ProductCell.swift */,
				80E6ACAE2A44ADD400EC17D9 /* CategoryCell.swift */,
				80F3E0872A4CAE88002730F0 /* SeeAllFooterView.swift */,
			);
			path = Cells;
			sourceTree = "<group>";
		};
		80BA2EB12A4B6B3100BC55CB /* DiscoverScreen */ = {
			isa = PBXGroup;
			children = (
				80BA2EB72A4B6B7000BC55CB /* Builder */,
				80BA2EB62A4B6B6900BC55CB /* Router */,
				80BA2EB52A4B6B6400BC55CB /* Presenter */,
				80BA2EB42A4B6B5F00BC55CB /* Interactor */,
				80BA2EB32A4B6B5000BC55CB /* View */,
				80BA2EB22A4B6B4700BC55CB /* Contracts */,
			);
			path = DiscoverScreen;
			sourceTree = "<group>";
		};
		80BA2EB22A4B6B4700BC55CB /* Contracts */ = {
			isa = PBXGroup;
			children = (
				80BA2EBA2A4B6BDD00BC55CB /* DiscoverContracts.swift */,
			);
			path = Contracts;
			sourceTree = "<group>";
		};
		80BA2EB32A4B6B5000BC55CB /* View */ = {
			isa = PBXGroup;
			children = (
				80BA2EC02A4B6C4500BC55CB /* DiscoverVC.swift */,
				80F3E0D52A570019002730F0 /* DiscoverView.swift */,
			);
			path = View;
			sourceTree = "<group>";
		};
		80BA2EB42A4B6B5F00BC55CB /* Interactor */ = {
			isa = PBXGroup;
			children = (
				80BA2EBE2A4B6C2E00BC55CB /* DiscoverInteractor.swift */,
			);
			path = Interactor;
			sourceTree = "<group>";
		};
		80BA2EB52A4B6B6400BC55CB /* Presenter */ = {
			isa = PBXGroup;
			children = (
				80BA2EBC2A4B6C1E00BC55CB /* DiscoverPresenter.swift */,
			);
			path = Presenter;
			sourceTree = "<group>";
		};
		80BA2EB62A4B6B6900BC55CB /* Router */ = {
			isa = PBXGroup;
			children = (
				80BA2EC22A4B6C8100BC55CB /* DiscoverRouter.swift */,
			);
			path = Router;
			sourceTree = "<group>";
		};
		80BA2EB72A4B6B7000BC55CB /* Builder */ = {
			isa = PBXGroup;
			children = (
				80BA2EB82A4B6B8A00BC55CB /* DiscoverBuilder.swift */,
			);
			path = Builder;
			sourceTree = "<group>";
		};
		80E6AC6A2A449A3600EC17D9 = {
			isa = PBXGroup;
			children = (
				80E6AC752A449A3600EC17D9 /* DeliveryExpress(E-Commerce) */,
				80E6AC742A449A3600EC17D9 /* Products */,
			);
			sourceTree = "<group>";
		};
		80E6AC742A449A3600EC17D9 /* Products */ = {
			isa = PBXGroup;
			children = (
				80E6AC732A449A3600EC17D9 /* DeliveryExpress(E-Commerce).app */,
			);
			name = Products;
			sourceTree = "<group>";
		};
		80E6AC752A449A3600EC17D9 /* DeliveryExpress(E-Commerce) */ = {
			isa = PBXGroup;
			children = (
				80F3E0D92A570528002730F0 /* Utils */,
				800DE5062A44C5C0006567E5 /* Entities */,
				80E6AC8A2A449A9200EC17D9 /* Screens */,
				800DE50E2A48AB91006567E5 /* Extensions */,
				80E6ACB22A44B0E500EC17D9 /* Services */,
				80E6AC8C2A449AA600EC17D9 /* Resources */,
				80E6AC8B2A449A9C00EC17D9 /* App */,
			);
			path = "DeliveryExpress(E-Commerce)";
			sourceTree = "<group>";
		};
		80E6AC8A2A449A9200EC17D9 /* Screens */ = {
			isa = PBXGroup;
			children = (
				80BA2EB12A4B6B3100BC55CB /* DiscoverScreen */,
				80152BAB2A49C2D000330AB8 /* ProductDetailScreen */,
				80E6AC9F2A449F2500EC17D9 /* BasketScreen */,
				80E6AC8D2A449ADC00EC17D9 /* HomeScreen */,
			);
			path = Screens;
			sourceTree = "<group>";
		};
		80E6AC8B2A449A9C00EC17D9 /* App */ = {
			isa = PBXGroup;
			children = (
				80E6AC782A449A3600EC17D9 /* SceneDelegate.swift */,
				80E6AC762A449A3600EC17D9 /* AppDelegate.swift */,
			);
			path = App;
			sourceTree = "<group>";
		};
		80E6AC8C2A449AA600EC17D9 /* Resources */ = {
			isa = PBXGroup;
			children = (
				80E6AC812A449A3700EC17D9 /* LaunchScreen.storyboard */,
				80E6AC7F2A449A3700EC17D9 /* Assets.xcassets */,
				80E6AC842A449A3700EC17D9 /* Info.plist */,
			);
			path = Resources;
			sourceTree = "<group>";
		};
		80E6AC8D2A449ADC00EC17D9 /* HomeScreen */ = {
			isa = PBXGroup;
			children = (
				800DE5092A44CB98006567E5 /* Contracts */,
				80E6AC922A449B0300EC17D9 /* Builder */,
				80E6AC912A449AFB00EC17D9 /* Router */,
				80E6AC902A449AF800EC17D9 /* Presenter */,
				80E6AC8F2A449AF400EC17D9 /* Interactor */,
				80E6AC8E2A449AF000EC17D9 /* View */,
			);
			path = HomeScreen;
			sourceTree = "<group>";
		};
		80E6AC8E2A449AF000EC17D9 /* View */ = {
			isa = PBXGroup;
			children = (
				80152BCB2A4A5BE200330AB8 /* Cells */,
				80E6ACAC2A44ADC500EC17D9 /* CustomViews */,
				80F3E0D12A56FB6D002730F0 /* HomeView.swift */,
				80E6AC932A449B5000EC17D9 /* HomeVC.swift */,
			);
			path = View;
			sourceTree = "<group>";
		};
		80E6AC8F2A449AF400EC17D9 /* Interactor */ = {
			isa = PBXGroup;
			children = (
				80E6AC952A449B5500EC17D9 /* HomeInteractor.swift */,
			);
			path = Interactor;
			sourceTree = "<group>";
		};
		80E6AC902A449AF800EC17D9 /* Presenter */ = {
			isa = PBXGroup;
			children = (
				80E6AC972A449B5C00EC17D9 /* HomePresenter.swift */,
			);
			path = Presenter;
			sourceTree = "<group>";
		};
		80E6AC912A449AFB00EC17D9 /* Router */ = {
			isa = PBXGroup;
			children = (
				80E6AC992A449B6000EC17D9 /* HomeRouter.swift */,
			);
			path = Router;
			sourceTree = "<group>";
		};
		80E6AC922A449B0300EC17D9 /* Builder */ = {
			isa = PBXGroup;
			children = (
				80E6AC9B2A449B6600EC17D9 /* HomeBuilder.swift */,
			);
			path = Builder;
			sourceTree = "<group>";
		};
		80E6AC9F2A449F2500EC17D9 /* BasketScreen */ = {
			isa = PBXGroup;
			children = (
				80F3E0932A507FC6002730F0 /* Contracts */,
				80E6ACA42A449F4100EC17D9 /* Builder */,
				80E6ACA32A449F3D00EC17D9 /* Router */,
				80E6ACA22A449F3A00EC17D9 /* Presenter */,
				80E6ACA12A449F3700EC17D9 /* Interactor */,
				80E6ACA02A449F3500EC17D9 /* View */,
			);
			path = BasketScreen;
			sourceTree = "<group>";
		};
		80E6ACA02A449F3500EC17D9 /* View */ = {
			isa = PBXGroup;
			children = (
				80F3E0992A518967002730F0 /* Custom Views */,
				80F3E0962A508920002730F0 /* Cells */,
				80F3E0CD2A56F8B4002730F0 /* BasketView.swift */,
				80E6ACA72A449F4D00EC17D9 /* BasketVC.swift */,
			);
			path = View;
			sourceTree = "<group>";
		};
		80E6ACA12A449F3700EC17D9 /* Interactor */ = {
			isa = PBXGroup;
			children = (
				80F3E08D2A507F9E002730F0 /* BasketInteractor.swift */,
			);
			path = Interactor;
			sourceTree = "<group>";
		};
		80E6ACA22A449F3A00EC17D9 /* Presenter */ = {
			isa = PBXGroup;
			children = (
				80F3E08F2A507FA4002730F0 /* BasketPresenter.swift */,
			);
			path = Presenter;
			sourceTree = "<group>";
		};
		80E6ACA32A449F3D00EC17D9 /* Router */ = {
			isa = PBXGroup;
			children = (
				80F3E0912A507FBB002730F0 /* BasketRouter.swift */,
			);
			path = Router;
			sourceTree = "<group>";
		};
		80E6ACA42A449F4100EC17D9 /* Builder */ = {
			isa = PBXGroup;
			children = (
				80E6ACA52A449F4700EC17D9 /* BasketBuilder.swift */,
			);
			path = Builder;
			sourceTree = "<group>";
		};
		80E6ACAC2A44ADC500EC17D9 /* CustomViews */ = {
			isa = PBXGroup;
			children = (
				800DE50C2A458DD0006567E5 /* TitleLabel.swift */,
			);
			path = CustomViews;
			sourceTree = "<group>";
		};
		80E6ACB22A44B0E500EC17D9 /* Services */ = {
			isa = PBXGroup;
			children = (
				80F3E08A2A4CB0F0002730F0 /* NetworkService */,
			);
			path = Services;
			sourceTree = "<group>";
		};
		80E6ACB32A44B0E900EC17D9 /* Helpers */ = {
			isa = PBXGroup;
			children = (
				80E6ACBA2A44B13E00EC17D9 /* NetworkHelper.swift */,
				80E6ACBC2A44B16F00EC17D9 /* EndPoint.swift */,
			);
			path = Helpers;
			sourceTree = "<group>";
		};
		80E6ACB42A44B0EE00EC17D9 /* Core */ = {
			isa = PBXGroup;
			children = (
				80E6ACB52A44B0F800EC17D9 /* NetworkManager.swift */,
			);
			path = Core;
			sourceTree = "<group>";
		};
		80F3E08A2A4CB0F0002730F0 /* NetworkService */ = {
			isa = PBXGroup;
			children = (
				80E6ACB32A44B0E900EC17D9 /* Helpers */,
				80E6ACB42A44B0EE00EC17D9 /* Core */,
			);
			path = NetworkService;
			sourceTree = "<group>";
		};
		80F3E0932A507FC6002730F0 /* Contracts */ = {
			isa = PBXGroup;
			children = (
				80F3E0942A507FCC002730F0 /* BasketContracts.swift */,
			);
			path = Contracts;
			sourceTree = "<group>";
		};
		80F3E0962A508920002730F0 /* Cells */ = {
			isa = PBXGroup;
			children = (
				80F3E0972A508931002730F0 /* BasketCell.swift */,
			);
			path = Cells;
			sourceTree = "<group>";
		};
		80F3E0992A518967002730F0 /* Custom Views */ = {
			isa = PBXGroup;
			children = (
				80F3E09A2A518971002730F0 /* TotalCostStackView.swift */,
			);
			path = "Custom Views";
			sourceTree = "<group>";
		};
		80F3E0D92A570528002730F0 /* Utils */ = {
			isa = PBXGroup;
			children = (
				80F3E0DB2A57053A002730F0 /* Constants */,
				80F3E0CF2A56F9EC002730F0 /* BaseViewController.swift */,
			);
			path = Utils;
			sourceTree = "<group>";
		};
		80F3E0DB2A57053A002730F0 /* Constants */ = {
			isa = PBXGroup;
			children = (
				80F3E0DC2A570541002730F0 /* Constants.swift */,
			);
			path = Constants;
			sourceTree = "<group>";
		};
/* End PBXGroup section */

/* Begin PBXNativeTarget section */
		80E6AC722A449A3600EC17D9 /* DeliveryExpress(E-Commerce) */ = {
			isa = PBXNativeTarget;
			buildConfigurationList = 80E6AC872A449A3700EC17D9 /* Build configuration list for PBXNativeTarget "DeliveryExpress(E-Commerce)" */;
			buildPhases = (
				80E6AC6F2A449A3600EC17D9 /* Sources */,
				80E6AC702A449A3600EC17D9 /* Frameworks */,
				80E6AC712A449A3600EC17D9 /* Resources */,
			);
			buildRules = (
			);
			dependencies = (
			);
			name = "DeliveryExpress(E-Commerce)";
			packageProductDependencies = (
				80E6ACAA2A449FF300EC17D9 /* SnapKit */,
				80E6ACB82A44B11500EC17D9 /* Alamofire */,
				80152BA62A48B19000330AB8 /* Kingfisher */,
			);
			productName = "DeliveryExpress(E-Commerce)";
			productReference = 80E6AC732A449A3600EC17D9 /* DeliveryExpress(E-Commerce).app */;
			productType = "com.apple.product-type.application";
		};
/* End PBXNativeTarget section */

/* Begin PBXProject section */
		80E6AC6B2A449A3600EC17D9 /* Project object */ = {
			isa = PBXProject;
			attributes = {
				BuildIndependentTargetsInParallel = 1;
				LastSwiftUpdateCheck = 1430;
				LastUpgradeCheck = 1430;
				TargetAttributes = {
					80E6AC722A449A3600EC17D9 = {
						CreatedOnToolsVersion = 14.3.1;
					};
				};
			};
			buildConfigurationList = 80E6AC6E2A449A3600EC17D9 /* Build configuration list for PBXProject "DeliveryExpress(E-Commerce)" */;
			compatibilityVersion = "Xcode 14.0";
			developmentRegion = en;
			hasScannedForEncodings = 0;
			knownRegions = (
				en,
				Base,
			);
			mainGroup = 80E6AC6A2A449A3600EC17D9;
			packageReferences = (
				80E6ACA92A449FF300EC17D9 /* XCRemoteSwiftPackageReference "SnapKit" */,
				80E6ACB72A44B11500EC17D9 /* XCRemoteSwiftPackageReference "Alamofire" */,
				80152BA52A48B19000330AB8 /* XCRemoteSwiftPackageReference "Kingfisher" */,
			);
			productRefGroup = 80E6AC742A449A3600EC17D9 /* Products */;
			projectDirPath = "";
			projectRoot = "";
			targets = (
				80E6AC722A449A3600EC17D9 /* DeliveryExpress(E-Commerce) */,
			);
		};
/* End PBXProject section */

/* Begin PBXResourcesBuildPhase section */
		80E6AC712A449A3600EC17D9 /* Resources */ = {
			isa = PBXResourcesBuildPhase;
			buildActionMask = 2147483647;
			files = (
				80E6AC832A449A3700EC17D9 /* LaunchScreen.storyboard in Resources */,
				80E6AC802A449A3700EC17D9 /* Assets.xcassets in Resources */,
			);
			runOnlyForDeploymentPostprocessing = 0;
		};
/* End PBXResourcesBuildPhase section */

/* Begin PBXSourcesBuildPhase section */
		80E6AC6F2A449A3600EC17D9 /* Sources */ = {
			isa = PBXSourcesBuildPhase;
			buildActionMask = 2147483647;
			files = (
				80E6ACBB2A44B13E00EC17D9 /* NetworkHelper.swift in Sources */,
				80E6ACB62A44B0F800EC17D9 /* NetworkManager.swift in Sources */,
				800DE5082A44C5C6006567E5 /* Product.swift in Sources */,
				80E6ACA82A449F4D00EC17D9 /* BasketVC.swift in Sources */,
				80152BBE2A49C3EF00330AB8 /* ProductDetailContracts.swift in Sources */,
				80E6ACB12A44ADEB00EC17D9 /* ProductCell.swift in Sources */,
				80BA2EBF2A4B6C2E00BC55CB /* DiscoverInteractor.swift in Sources */,
				80E6AC942A449B5000EC17D9 /* HomeVC.swift in Sources */,
				80F3E0922A507FBB002730F0 /* BasketRouter.swift in Sources */,
				80E6AC9A2A449B6000EC17D9 /* HomeRouter.swift in Sources */,
				80F3E0CE2A56F8B4002730F0 /* BasketView.swift in Sources */,
				80F3E0882A4CAE88002730F0 /* SeeAllFooterView.swift in Sources */,
				80152BB62A49C3D400330AB8 /* ProductDetailInteractor.swift in Sources */,
				80E6AC772A449A3600EC17D9 /* AppDelegate.swift in Sources */,
				80152BB32A49C3C800330AB8 /* ProductDetailVC.swift in Sources */,
				800DE50B2A44CBA3006567E5 /* HomeContracts.swift in Sources */,
				80E6AC9C2A449B6600EC17D9 /* HomeBuilder.swift in Sources */,
				80E6AC792A449A3600EC17D9 /* SceneDelegate.swift in Sources */,
				80152BBC2A49C3E900330AB8 /* ProductDetailBuilder.swift in Sources */,
				80E6AC982A449B5C00EC17D9 /* HomePresenter.swift in Sources */,
				80F3E0952A507FCC002730F0 /* BasketContracts.swift in Sources */,
				80F3E0D42A56FDD4002730F0 /* ProductDetailView.swift in Sources */,
				80E6AC962A449B5500EC17D9 /* HomeInteractor.swift in Sources */,
				80E6ACA62A449F4700EC17D9 /* BasketBuilder.swift in Sources */,
				80F3E08E2A507F9E002730F0 /* BasketInteractor.swift in Sources */,
				80E6ACBD2A44B16F00EC17D9 /* EndPoint.swift in Sources */,
				80BA2EC32A4B6C8100BC55CB /* DiscoverRouter.swift in Sources */,
				80BA2EBB2A4B6BDD00BC55CB /* DiscoverContracts.swift in Sources */,
				80152BBA2A49C3E200330AB8 /* ProductDetailRouter.swift in Sources */,
				80F3E09B2A518971002730F0 /* TotalCostStackView.swift in Sources */,
				80F3E0D02A56F9EC002730F0 /* BaseViewController.swift in Sources */,
				80F3E0DD2A570541002730F0 /* Constants.swift in Sources */,
				80BA2EC12A4B6C4500BC55CB /* DiscoverVC.swift in Sources */,
				800DE5102A48AB9E006567E5 /* UIColor+Ext.swift in Sources */,
				80F3E0802A4C3562002730F0 /* UIViewController+Extension.swift in Sources */,
				80F3E0D62A570019002730F0 /* DiscoverView.swift in Sources */,
				80F3E0E12A58536E002730F0 /* DoneAlert.swift in Sources */,
				80BA2EB92A4B6B8A00BC55CB /* DiscoverBuilder.swift in Sources */,
				80152BC92A4A536400330AB8 /* DividerView.swift in Sources */,
				80152BCD2A4A60B000330AB8 /* UIImageView+Extension.swift in Sources */,
				80F3E0D22A56FB6D002730F0 /* HomeView.swift in Sources */,
				80E6ACAF2A44ADD400EC17D9 /* CategoryCell.swift in Sources */,
				80BA2EBD2A4B6C1E00BC55CB /* DiscoverPresenter.swift in Sources */,
				800DE50D2A458DD0006567E5 /* TitleLabel.swift in Sources */,
				80F3E0982A508931002730F0 /* BasketCell.swift in Sources */,
				80152BC72A4A4CDA00330AB8 /* DetailButtonsStackView.swift in Sources */,
				80152BB82A49C3DB00330AB8 /* ProductDetailPresenter.swift in Sources */,
				80F3E0822A4CA6F9002730F0 /* UITabBarController+Extension.swift in Sources */,
				80F3E0902A507FA4002730F0 /* BasketPresenter.swift in Sources */,
				80152BC32A49D2FB00330AB8 /* ProductDetailContainer.swift in Sources */,
				80152BC52A49E27800330AB8 /* String+Extension.swift in Sources */,
				80152BC12A49D29400330AB8 /* ProductImageCell.swift in Sources */,
			);
			runOnlyForDeploymentPostprocessing = 0;
		};
/* End PBXSourcesBuildPhase section */

/* Begin PBXVariantGroup section */
		80E6AC812A449A3700EC17D9 /* LaunchScreen.storyboard */ = {
			isa = PBXVariantGroup;
			children = (
				80E6AC822A449A3700EC17D9 /* Base */,
			);
			name = LaunchScreen.storyboard;
			sourceTree = "<group>";
		};
/* End PBXVariantGroup section */

/* Begin XCBuildConfiguration section */
		80E6AC852A449A3700EC17D9 /* Debug */ = {
			isa = XCBuildConfiguration;
			buildSettings = {
				ALWAYS_SEARCH_USER_PATHS = NO;
				CLANG_ANALYZER_NONNULL = YES;
				CLANG_ANALYZER_NUMBER_OBJECT_CONVERSION = YES_AGGRESSIVE;
				CLANG_CXX_LANGUAGE_STANDARD = "gnu++20";
				CLANG_ENABLE_MODULES = YES;
				CLANG_ENABLE_OBJC_ARC = YES;
				CLANG_ENABLE_OBJC_WEAK = YES;
				CLANG_WARN_BLOCK_CAPTURE_AUTORELEASING = YES;
				CLANG_WARN_BOOL_CONVERSION = YES;
				CLANG_WARN_COMMA = YES;
				CLANG_WARN_CONSTANT_CONVERSION = YES;
				CLANG_WARN_DEPRECATED_OBJC_IMPLEMENTATIONS = YES;
				CLANG_WARN_DIRECT_OBJC_ISA_USAGE = YES_ERROR;
				CLANG_WARN_DOCUMENTATION_COMMENTS = YES;
				CLANG_WARN_EMPTY_BODY = YES;
				CLANG_WARN_ENUM_CONVERSION = YES;
				CLANG_WARN_INFINITE_RECURSION = YES;
				CLANG_WARN_INT_CONVERSION = YES;
				CLANG_WARN_NON_LITERAL_NULL_CONVERSION = YES;
				CLANG_WARN_OBJC_IMPLICIT_RETAIN_SELF = YES;
				CLANG_WARN_OBJC_LITERAL_CONVERSION = YES;
				CLANG_WARN_OBJC_ROOT_CLASS = YES_ERROR;
				CLANG_WARN_QUOTED_INCLUDE_IN_FRAMEWORK_HEADER = YES;
				CLANG_WARN_RANGE_LOOP_ANALYSIS = YES;
				CLANG_WARN_STRICT_PROTOTYPES = YES;
				CLANG_WARN_SUSPICIOUS_MOVE = YES;
				CLANG_WARN_UNGUARDED_AVAILABILITY = YES_AGGRESSIVE;
				CLANG_WARN_UNREACHABLE_CODE = YES;
				CLANG_WARN__DUPLICATE_METHOD_MATCH = YES;
				COPY_PHASE_STRIP = NO;
				DEBUG_INFORMATION_FORMAT = dwarf;
				ENABLE_STRICT_OBJC_MSGSEND = YES;
				ENABLE_TESTABILITY = YES;
				GCC_C_LANGUAGE_STANDARD = gnu11;
				GCC_DYNAMIC_NO_PIC = NO;
				GCC_NO_COMMON_BLOCKS = YES;
				GCC_OPTIMIZATION_LEVEL = 0;
				GCC_PREPROCESSOR_DEFINITIONS = (
					"DEBUG=1",
					"$(inherited)",
				);
				GCC_WARN_64_TO_32_BIT_CONVERSION = YES;
				GCC_WARN_ABOUT_RETURN_TYPE = YES_ERROR;
				GCC_WARN_UNDECLARED_SELECTOR = YES;
				GCC_WARN_UNINITIALIZED_AUTOS = YES_AGGRESSIVE;
				GCC_WARN_UNUSED_FUNCTION = YES;
				GCC_WARN_UNUSED_VARIABLE = YES;
				IPHONEOS_DEPLOYMENT_TARGET = 16.4;
				MTL_ENABLE_DEBUG_INFO = INCLUDE_SOURCE;
				MTL_FAST_MATH = YES;
				ONLY_ACTIVE_ARCH = YES;
				SDKROOT = iphoneos;
				SWIFT_ACTIVE_COMPILATION_CONDITIONS = DEBUG;
				SWIFT_OPTIMIZATION_LEVEL = "-Onone";
			};
			name = Debug;
		};
		80E6AC862A449A3700EC17D9 /* Release */ = {
			isa = XCBuildConfiguration;
			buildSettings = {
				ALWAYS_SEARCH_USER_PATHS = NO;
				CLANG_ANALYZER_NONNULL = YES;
				CLANG_ANALYZER_NUMBER_OBJECT_CONVERSION = YES_AGGRESSIVE;
				CLANG_CXX_LANGUAGE_STANDARD = "gnu++20";
				CLANG_ENABLE_MODULES = YES;
				CLANG_ENABLE_OBJC_ARC = YES;
				CLANG_ENABLE_OBJC_WEAK = YES;
				CLANG_WARN_BLOCK_CAPTURE_AUTORELEASING = YES;
				CLANG_WARN_BOOL_CONVERSION = YES;
				CLANG_WARN_COMMA = YES;
				CLANG_WARN_CONSTANT_CONVERSION = YES;
				CLANG_WARN_DEPRECATED_OBJC_IMPLEMENTATIONS = YES;
				CLANG_WARN_DIRECT_OBJC_ISA_USAGE = YES_ERROR;
				CLANG_WARN_DOCUMENTATION_COMMENTS = YES;
				CLANG_WARN_EMPTY_BODY = YES;
				CLANG_WARN_ENUM_CONVERSION = YES;
				CLANG_WARN_INFINITE_RECURSION = YES;
				CLANG_WARN_INT_CONVERSION = YES;
				CLANG_WARN_NON_LITERAL_NULL_CONVERSION = YES;
				CLANG_WARN_OBJC_IMPLICIT_RETAIN_SELF = YES;
				CLANG_WARN_OBJC_LITERAL_CONVERSION = YES;
				CLANG_WARN_OBJC_ROOT_CLASS = YES_ERROR;
				CLANG_WARN_QUOTED_INCLUDE_IN_FRAMEWORK_HEADER = YES;
				CLANG_WARN_RANGE_LOOP_ANALYSIS = YES;
				CLANG_WARN_STRICT_PROTOTYPES = YES;
				CLANG_WARN_SUSPICIOUS_MOVE = YES;
				CLANG_WARN_UNGUARDED_AVAILABILITY = YES_AGGRESSIVE;
				CLANG_WARN_UNREACHABLE_CODE = YES;
				CLANG_WARN__DUPLICATE_METHOD_MATCH = YES;
				COPY_PHASE_STRIP = NO;
				DEBUG_INFORMATION_FORMAT = "dwarf-with-dsym";
				ENABLE_NS_ASSERTIONS = NO;
				ENABLE_STRICT_OBJC_MSGSEND = YES;
				GCC_C_LANGUAGE_STANDARD = gnu11;
				GCC_NO_COMMON_BLOCKS = YES;
				GCC_WARN_64_TO_32_BIT_CONVERSION = YES;
				GCC_WARN_ABOUT_RETURN_TYPE = YES_ERROR;
				GCC_WARN_UNDECLARED_SELECTOR = YES;
				GCC_WARN_UNINITIALIZED_AUTOS = YES_AGGRESSIVE;
				GCC_WARN_UNUSED_FUNCTION = YES;
				GCC_WARN_UNUSED_VARIABLE = YES;
				IPHONEOS_DEPLOYMENT_TARGET = 16.4;
				MTL_ENABLE_DEBUG_INFO = NO;
				MTL_FAST_MATH = YES;
				SDKROOT = iphoneos;
				SWIFT_COMPILATION_MODE = wholemodule;
				SWIFT_OPTIMIZATION_LEVEL = "-O";
				VALIDATE_PRODUCT = YES;
			};
			name = Release;
		};
		80E6AC882A449A3700EC17D9 /* Debug */ = {
			isa = XCBuildConfiguration;
			buildSettings = {
				ASSETCATALOG_COMPILER_APPICON_NAME = AppIcon;
				ASSETCATALOG_COMPILER_GLOBAL_ACCENT_COLOR_NAME = AccentColor;
				CODE_SIGN_STYLE = Automatic;
				CURRENT_PROJECT_VERSION = 1;
				DEVELOPMENT_TEAM = 936XSD7LYL;
				GENERATE_INFOPLIST_FILE = YES;
				INFOPLIST_FILE = "DeliveryExpress(E-Commerce)/Resources/Info.plist";
				INFOPLIST_KEY_UIApplicationSupportsIndirectInputEvents = YES;
				INFOPLIST_KEY_UILaunchStoryboardName = LaunchScreen;
				INFOPLIST_KEY_UISupportedInterfaceOrientations_iPad = "UIInterfaceOrientationPortrait UIInterfaceOrientationPortraitUpsideDown UIInterfaceOrientationLandscapeLeft UIInterfaceOrientationLandscapeRight";
				INFOPLIST_KEY_UISupportedInterfaceOrientations_iPhone = "UIInterfaceOrientationPortrait UIInterfaceOrientationLandscapeLeft UIInterfaceOrientationLandscapeRight";
				LD_RUNPATH_SEARCH_PATHS = (
					"$(inherited)",
					"@executable_path/Frameworks",
				);
				MARKETING_VERSION = 1.0;
				PRODUCT_BUNDLE_IDENTIFIER = "ibrahimmbyrrm.DeliveryExpress-E-Commerce-";
				PRODUCT_NAME = "$(TARGET_NAME)";
				SWIFT_EMIT_LOC_STRINGS = YES;
				SWIFT_VERSION = 5.0;
				TARGETED_DEVICE_FAMILY = "1,2";
			};
			name = Debug;
		};
		80E6AC892A449A3700EC17D9 /* Release */ = {
			isa = XCBuildConfiguration;
			buildSettings = {
				ASSETCATALOG_COMPILER_APPICON_NAME = AppIcon;
				ASSETCATALOG_COMPILER_GLOBAL_ACCENT_COLOR_NAME = AccentColor;
				CODE_SIGN_STYLE = Automatic;
				CURRENT_PROJECT_VERSION = 1;
				DEVELOPMENT_TEAM = 936XSD7LYL;
				GENERATE_INFOPLIST_FILE = YES;
				INFOPLIST_FILE = "DeliveryExpress(E-Commerce)/Resources/Info.plist";
				INFOPLIST_KEY_UIApplicationSupportsIndirectInputEvents = YES;
				INFOPLIST_KEY_UILaunchStoryboardName = LaunchScreen;
				INFOPLIST_KEY_UISupportedInterfaceOrientations_iPad = "UIInterfaceOrientationPortrait UIInterfaceOrientationPortraitUpsideDown UIInterfaceOrientationLandscapeLeft UIInterfaceOrientationLandscapeRight";
				INFOPLIST_KEY_UISupportedInterfaceOrientations_iPhone = "UIInterfaceOrientationPortrait UIInterfaceOrientationLandscapeLeft UIInterfaceOrientationLandscapeRight";
				LD_RUNPATH_SEARCH_PATHS = (
					"$(inherited)",
					"@executable_path/Frameworks",
				);
				MARKETING_VERSION = 1.0;
				PRODUCT_BUNDLE_IDENTIFIER = "ibrahimmbyrrm.DeliveryExpress-E-Commerce-";
				PRODUCT_NAME = "$(TARGET_NAME)";
				SWIFT_EMIT_LOC_STRINGS = YES;
				SWIFT_VERSION = 5.0;
				TARGETED_DEVICE_FAMILY = "1,2";
			};
			name = Release;
		};
/* End XCBuildConfiguration section */

/* Begin XCConfigurationList section */
		80E6AC6E2A449A3600EC17D9 /* Build configuration list for PBXProject "DeliveryExpress(E-Commerce)" */ = {
			isa = XCConfigurationList;
			buildConfigurations = (
				80E6AC852A449A3700EC17D9 /* Debug */,
				80E6AC862A449A3700EC17D9 /* Release */,
			);
			defaultConfigurationIsVisible = 0;
			defaultConfigurationName = Release;
		};
		80E6AC872A449A3700EC17D9 /* Build configuration list for PBXNativeTarget "DeliveryExpress(E-Commerce)" */ = {
			isa = XCConfigurationList;
			buildConfigurations = (
				80E6AC882A449A3700EC17D9 /* Debug */,
				80E6AC892A449A3700EC17D9 /* Release */,
			);
			defaultConfigurationIsVisible = 0;
			defaultConfigurationName = Release;
		};
/* End XCConfigurationList section */

/* Begin XCRemoteSwiftPackageReference section */
		80152BA52A48B19000330AB8 /* XCRemoteSwiftPackageReference "Kingfisher" */ = {
			isa = XCRemoteSwiftPackageReference;
			repositoryURL = "https://github.com/onevcat/Kingfisher";
			requirement = {
				kind = upToNextMajorVersion;
				minimumVersion = 7.0.0;
			};
		};
		80E6ACA92A449FF300EC17D9 /* XCRemoteSwiftPackageReference "SnapKit" */ = {
			isa = XCRemoteSwiftPackageReference;
			repositoryURL = "https://github.com/SnapKit/SnapKit.git";
			requirement = {
				kind = upToNextMajorVersion;
				minimumVersion = 5.0.0;
			};
		};
		80E6ACB72A44B11500EC17D9 /* XCRemoteSwiftPackageReference "Alamofire" */ = {
			isa = XCRemoteSwiftPackageReference;
			repositoryURL = "https://github.com/Alamofire/Alamofire";
			requirement = {
				kind = upToNextMajorVersion;
				minimumVersion = 5.0.0;
			};
		};
/* End XCRemoteSwiftPackageReference section */

/* Begin XCSwiftPackageProductDependency section */
		80152BA62A48B19000330AB8 /* Kingfisher */ = {
			isa = XCSwiftPackageProductDependency;
			package = 80152BA52A48B19000330AB8 /* XCRemoteSwiftPackageReference "Kingfisher" */;
			productName = Kingfisher;
		};
		80E6ACAA2A449FF300EC17D9 /* SnapKit */ = {
			isa = XCSwiftPackageProductDependency;
			package = 80E6ACA92A449FF300EC17D9 /* XCRemoteSwiftPackageReference "SnapKit" */;
			productName = SnapKit;
		};
		80E6ACB82A44B11500EC17D9 /* Alamofire */ = {
			isa = XCSwiftPackageProductDependency;
			package = 80E6ACB72A44B11500EC17D9 /* XCRemoteSwiftPackageReference "Alamofire" */;
			productName = Alamofire;
		};
/* End XCSwiftPackageProductDependency section */
	};
	rootObject = 80E6AC6B2A449A3600EC17D9 /* Project object */;
}
